
Microsoft Visual Studio Solution File, Format Version 12.00
# Visual Studio Version 17
VisualStudioVersion = 17.4.33205.214
MinimumVisualStudioVersion = 10.0.40219.1
Project("{9A19103F-16F7-4668-BE54-9A1E7A4F7556}") = "BillingApplication", "BillingApplication.csproj", "{6EF42509-03DD-410C-8A31-CBA7948E1D79}"
EndProject
Project("{FAE04EC0-301F-11D3-BF4B-00C04F79EFBC}") = "BillingApplicationTests", "..\BillingApplicationTests\BillingApplicationTests.csproj", "{DD8B830A-08A4-4EAB-BE00-2D26D3001140}"
EndProject
Global
	GlobalSection(SolutionConfigurationPlatforms) = preSolution
		Debug|Any CPU = Debug|Any CPU
		Release|Any CPU = Release|Any CPU
	EndGlobalSection
	GlobalSection(ProjectConfigurationPlatforms) = postSolution
		{6EF42509-03DD-410C-8A31-CBA7948E1D79}.Debug|Any CPU.ActiveCfg = Debug|Any CPU
		{6EF42509-03DD-410C-8A31-CBA7948E1D79}.Debug|Any CPU.Build.0 = Debug|Any CPU
		{6EF42509-03DD-410C-8A31-CBA7948E1D79}.Release|Any CPU.ActiveCfg = Release|Any CPU
		{6EF42509-03DD-410C-8A31-CBA7948E1D79}.Release|Any CPU.Build.0 = Release|Any CPU
		{DD8B830A-08A4-4EAB-BE00-2D26D3001140}.Debug|Any CPU.ActiveCfg = Debug|Any CPU
		{DD8B830A-08A4-4EAB-BE00-2D26D3001140}.Debug|Any CPU.Build.0 = Debug|Any CPU
		{DD8B830A-08A4-4EAB-BE00-2D26D3001140}.Release|Any CPU.ActiveCfg = Release|Any CPU
		{DD8B830A-08A4-4EAB-BE00-2D26D3001140}.Release|Any CPU.Build.0 = Release|Any CPU
	EndGlobalSection
	GlobalSection(SolutionProperties) = preSolution
		HideSolutionNode = FALSE
	EndGlobalSection
	GlobalSection(ExtensibilityGlobals) = postSolution
		SolutionGuid = {864F01BF-67DE-4EFD-8996-D845B000B72A}
	EndGlobalSection
EndGlobal
